
Microsoft Visual Studio Solution File, Format Version 12.00
# Visual Studio Version 16
VisualStudioVersion = 16.0.33027.164
MinimumVisualStudioVersion = 10.0.40219.1
Project("{FAE04EC0-301F-11D3-BF4B-00C04F79EFBC}") = "SocketInterface", "SocketInterface\SocketInterface.csproj", "{9DC9DB10-5179-4666-BCFE-C6F2FE214B23}"
EndProject
Global
	GlobalSection(SolutionConfigurationPlatforms) = preSolution
		Debug|Any CPU = Debug|Any CPU
		Release|Any CPU = Release|Any CPU
	EndGlobalSection
	GlobalSection(ProjectConfigurationPlatforms) = postSolution
		{9DC9DB10-5179-4666-BCFE-C6F2FE214B23}.Debug|Any CPU.ActiveCfg = Debug|Any CPU
		{9DC9DB10-5179-4666-BCFE-C6F2FE214B23}.Debug|Any CPU.Build.0 = Debug|Any CPU
		{9DC9DB10-5179-4666-BCFE-C6F2FE214B23}.Release|Any CPU.ActiveCfg = Release|Any CPU
		{9DC9DB10-5179-4666-BCFE-C6F2FE214B23}.Release|Any CPU.Build.0 = Release|Any CPU
	EndGlobalSection
	GlobalSection(SolutionProperties) = preSolution
		HideSolutionNode = FALSE
	EndGlobalSection
	GlobalSection(ExtensibilityGlobals) = postSolution
		SolutionGuid = {09973962-166F-4F15-BA56-F83D66D940F0}
	EndGlobalSection
EndGlobal
